
Microsoft Visual Studio Solution File, Format Version 12.00
# Visual Studio 15
VisualStudioVersion = 15.0.28307.902
MinimumVisualStudioVersion = 10.0.40219.1
Project("{8BC9CEB8-8B4A-11D0-8D11-00A0C91BC942}") = "SmartLocale", "SmartLocale\SmartLocale.vcxproj", "{70597FA9-68DE-46A5-BA83-3743C3CD6977}"
EndProject
Global
	GlobalSection(SolutionConfigurationPlatforms) = preSolution
		Debug|ARM = Debug|ARM
		Release|ARM = Release|ARM
	EndGlobalSection
	GlobalSection(ProjectConfigurationPlatforms) = postSolution
		{70597FA9-68DE-46A5-BA83-3743C3CD6977}.Debug|ARM.ActiveCfg = Debug|ARM
		{70597FA9-68DE-46A5-BA83-3743C3CD6977}.Debug|ARM.Build.0 = Debug|ARM
		{70597FA9-68DE-46A5-BA83-3743C3CD6977}.Release|ARM.ActiveCfg = Release|ARM
		{70597FA9-68DE-46A5-BA83-3743C3CD6977}.Release|ARM.Build.0 = Release|ARM
	EndGlobalSection
	GlobalSection(SolutionProperties) = preSolution
		HideSolutionNode = FALSE
	EndGlobalSection
	GlobalSection(ExtensibilityGlobals) = postSolution
		SolutionGuid = {30107766-D9F8-4C18-92CF-F504BC44ED7C}
	EndGlobalSection
EndGlobal
